#MicroXplorer Configuration settings - do not modify
Mcu.Family=STM32F0
PA6.GPIOParameters=GPIO_Label
ProjectManager.MainLocation=Core/Src
RCC.I2SFreq_Value=48000000
RCC.MCOFreq_Value=48000000
RCC.USART1Freq_Value=48000000
ProjectManager.ProjectFileName=tfk20_STM32CubeMX.ioc
ProjectManager.KeepUserCode=true
PA10.Mode=I2C
Mcu.UserName=STM32F042K6Tx
Mcu.PinsNb=18
ProjectManager.NoMain=false
RCC.PLLCLKFreq_Value=16000000
PA0.GPIO_Label=COL_0
ProjectManager.functionlistsort=1-MX_GPIO_Init-GPIO-false-HAL-true,2-SystemClock_Config-RCC-false-HAL-false,3-MX_USB_PCD_Init-USB-false-HAL-true
PA11.Mode=Device
PA3.GPIOParameters=GPIO_Label
ProjectManager.DefaultFWLocation=true
PA6.GPIO_Label=RGB_LIGHT
PB0.GPIO_Label=ROW_0
NVIC.SVC_IRQn=true\:0\:0\:false\:false\:true\:false\:false
ProjectManager.DeletePrevious=true
PA2.GPIOParameters=GPIO_Label
PinOutPanel.RotationAngle=90
RCC.FamilyName=M
RCC.SYSCLKSource=RCC_SYSCLKSOURCE_HSI48
ProjectManager.StackSize=0x400
PB5.GPIOParameters=GPIO_Label
PA13.Signal=SYS_SWDIO
Mcu.IP4=USB
RCC.FCLKCortexFreq_Value=48000000
Mcu.IP2=RCC
Mcu.IP3=SYS
PB4.GPIOParameters=GPIO_Label
Mcu.IP0=I2C1
PA9.Mode=I2C
Mcu.IP1=NVIC
PA12.Signal=USB_DP
Mcu.UserConstants=
ProjectManager.TargetToolchain=EWARM V8.32
Mcu.ThirdPartyNb=0
RCC.HCLKFreq_Value=48000000
Mcu.IPNb=5
ProjectManager.PreviousToolchain=
PA9.Signal=I2C1_SCL
PB5.Locked=true
Mcu.Pin6=PB0
Mcu.Pin7=PB1
ProjectManager.RegisterCallBack=
Mcu.Pin8=PA9
Mcu.Pin9=PA10
PA1.Signal=GPIO_Output
RCC.AHBFreq_Value=48000000
Mcu.Pin0=PA0
PB1.Locked=true
Mcu.Pin1=PA1
GPIO.groupedBy=Group By Peripherals
Mcu.Pin2=PA2
Mcu.Pin3=PA3
Mcu.Pin4=PA5
Mcu.Pin5=PA6
PA5.Signal=GPIO_Output
ProjectManager.ProjectBuild=false
PA0.Locked=true
board=custom
NVIC.SysTick_IRQn=true\:0\:0\:false\:false\:true\:false\:true
ProjectManager.LastFirmware=true
RCC.VCOOutput2Freq_Value=8000000
ProjectManager.FirmwarePackage=STM32Cube FW_F0 V1.11.2
MxDb.Version=DB.6.0.10
PB0.GPIOParameters=GPIO_Label
PA1.GPIOParameters=GPIO_Label
ProjectManager.BackupPrevious=false
MxCube.Version=6.1.1
PB4.GPIO_Label=ROW_3
PA14.Mode=Serial_Wire
PB1.GPIO_Label=ROW_1
File.Version=6
PA1.GPIO_Label=COL_1
VP_SYS_VS_Systick.Mode=SysTick
PB3.GPIOParameters=GPIO_Label
NVIC.NonMaskableInt_IRQn=true\:0\:0\:false\:false\:true\:false\:false
NVIC.PendSV_IRQn=true\:0\:0\:false\:false\:true\:false\:false
PA13.Mode=Serial_Wire
ProjectManager.FreePins=false
RCC.IPParameters=AHBFreq_Value,APB1Freq_Value,APB1TimFreq_Value,CECFreq_Value,FCLKCortexFreq_Value,FamilyName,HCLKFreq_Value,HSICECFreq_Value,I2SFreq_Value,MCOFreq_Value,PLLCLKFreq_Value,PLLMCOFreq_Value,SYSCLKFreq_VALUE,SYSCLKSource,TimSysFreq_Value,USART1Freq_Value,VCOOutput2Freq_Value
ProjectManager.AskForMigrate=true
Mcu.Name=STM32F042K(4-6)Tx
ProjectManager.HalAssertFull=false
PB0.Locked=true
PA2.Signal=GPIO_Output
ProjectManager.ProjectName=tfk20_STM32CubeMX
ProjectManager.UnderRoot=false
PA0.Signal=GPIO_Output
RCC.HSICECFreq_Value=32786.88524590164
RCC.PLLMCOFreq_Value=16000000
ProjectManager.CoupleFile=false
PB4.Locked=true
PB3.Signal=GPIO_Input
RCC.SYSCLKFreq_VALUE=48000000
Mcu.Package=LQFP32
PB5.Signal=GPIO_Input
PA6.Signal=GPIO_Output
PB1.Signal=GPIO_Input
RCC.TimSysFreq_Value=48000000
PA1.Locked=true
PA3.Locked=true
PA5.Locked=true
PA12.Mode=Device
PA5.GPIO_Label=RGB_MATRIX
NVIC.ForceEnableDMAVector=true
KeepUserPlacement=false
ProjectManager.CompilerOptimize=6
ProjectManager.ToolChainLocation=
PA2.GPIO_Label=COL_2
VP_SYS_VS_Systick.Signal=SYS_VS_Systick
PA11.Signal=USB_DM
PA10.Signal=I2C1_SDA
PA14.Signal=SYS_SWCLK
ProjectManager.HeapSize=0x200
PA0.GPIOParameters=GPIO_Label
Mcu.Pin15=PB4
NVIC.HardFault_IRQn=true\:0\:0\:false\:false\:true\:false\:false
Mcu.Pin16=PB5
PA5.GPIOParameters=GPIO_Label
Mcu.Pin13=PA14
Mcu.Pin14=PB3
ProjectManager.ComputerToolchain=false
Mcu.Pin17=VP_SYS_VS_Systick
Mcu.Pin11=PA12
Mcu.Pin12=PA13
PB5.GPIO_Label=ROW_4
Mcu.Pin10=PA11
RCC.CECFreq_Value=32786.88524590164
RCC.APB1TimFreq_Value=48000000
RCC.APB1Freq_Value=48000000
PB0.Signal=GPIO_Input
ProjectManager.CustomerFirmwarePackage=
ProjectManager.DeviceId=STM32F042K6Tx
ProjectManager.LibraryCopy=0
PB3.Locked=true
PB4.Signal=GPIO_Input
PA3.GPIO_Label=COL_3
PA3.Signal=GPIO_Output
PB1.GPIOParameters=GPIO_Label
PA2.Locked=true
PA6.Locked=true
PB3.GPIO_Label=ROW_2
