#MicroXplorer Configuration settings - do not modify
Mcu.Family=STM32F3
ProjectManager.MainLocation=Core/Src
RCC.MCOFreq_Value=48000000
PB13.GPIOParameters=GPIO_Label
PA6.Mode=Full_Duplex_Master
PC7.GPIOParameters=GPIO_Label
RCC.USART1Freq_Value=48000000
RCC.CortexFreq_Value=48000000
ProjectManager.KeepUserCode=true
Mcu.UserName=STM32F303RCTx
SPI1.VirtualType=VM_MASTER
PC12.Locked=true
PC10.Locked=true
RCC.PLLCLKFreq_Value=48000000
PC10.Signal=GPIO_Output
PC12.Signal=GPIO_Output
PB14.GPIO_Label=ROW_5
PC5.Locked=true
PC7.Locked=true
RCC.SYSCLKSourceVirtual=RCC_SYSCLKSOURCE_PLLCLK
ProjectManager.functionlistsort=1-MX_GPIO_Init-GPIO-false-HAL-true,2-SystemClock_Config-RCC-false-HAL-false,3-MX_USB_PCD_Init-USB-false-HAL-true,4-MX_I2C1_Init-I2C1-false-HAL-true,5-MX_I2C2_Init-I2C2-false-HAL-true,6-MX_SPI1_Init-SPI1-false-HAL-true
PC0.GPIOParameters=GPIO_Label
PC0.GPIO_Label=COL_0
PC6.GPIO_Label=COL_6
PC3.Locked=true
PA11.Mode=Device
RCC.RTCFreq_Value=40000
PC9.Locked=true
RCC.HSEPLLFreq_Value=8000000
RCC.USART2Freq_Value=24000000
PC13.GPIO_Label=COL_13
PC1.Locked=true
PB13.GPIO_Label=ROW_4
PB11.Signal=GPIO_Input
PB13.Signal=GPIO_Input
PB15.Signal=GPIO_Input
PinOutPanel.RotationAngle=0
ProjectManager.StackSize=0x400
Mcu.IP4=SPI1
RCC.FCLKCortexFreq_Value=48000000
Mcu.IP5=SYS
Mcu.IP2=NVIC
NVIC.SVCall_IRQn=true\:0\:0\:false\:false\:true\:false\:false
Mcu.IP3=RCC
Mcu.IP0=I2C1
Mcu.IP1=I2C2
PA12.Signal=USB_DP
Mcu.UserConstants=
PC1.GPIOParameters=GPIO_Label
Mcu.ThirdPartyNb=0
SPI1.Direction=SPI_DIRECTION_2LINES
RCC.HCLKFreq_Value=48000000
Mcu.IPNb=7
RCC.I2SClocksFreq_Value=48000000
ProjectManager.PreviousToolchain=
RCC.APB2TimFreq_Value=48000000
PB6.Signal=I2C1_SCL
PC7.Signal=GPIO_Output
PB6.Mode=I2C
SPI1.CalculateBaudRate=12.0 MBits/s
PC3.Signal=GPIO_Output
Mcu.Pin6=PC2
Mcu.Pin7=PC3
Mcu.Pin8=PA5
Mcu.Pin9=PA6
RCC.AHBFreq_Value=48000000
PB13.Locked=true
RCC.TIM2Freq_Value=48000000
Mcu.Pin0=PC13
Mcu.Pin1=PC14-OSC32_IN
GPIO.groupedBy=Group By Peripherals
Mcu.Pin2=PF0-OSC_IN
Mcu.Pin3=PF1-OSC_OUT
RCC.USART3Freq_Value=24000000
Mcu.Pin4=PC0
Mcu.Pin5=PC1
ProjectManager.ProjectBuild=false
RCC.HSE_VALUE=8000000
NVIC.UsageFault_IRQn=true\:0\:0\:false\:false\:true\:false\:false
NVIC.DebugMonitor_IRQn=true\:0\:0\:false\:false\:true\:false\:false
PB3.Mode=Trace_Asynchronous_SW
NVIC.SysTick_IRQn=true\:0\:0\:false\:false\:true\:false\:true
RCC.PLLMUL=RCC_PLL_MUL6
PB12.GPIO_Label=ROW_3
ProjectManager.FirmwarePackage=STM32Cube FW_F3 V1.11.2
MxDb.Version=DB.6.0.10
ProjectManager.BackupPrevious=false
PC4.GPIO_Label=COL_4
PA14.Mode=Trace_Asynchronous_SW
PC11.GPIO_Label=COL_11
File.Version=6
PB7.Signal=I2C1_SDA
PB6.Locked=true
NVIC.PendSV_IRQn=true\:0\:0\:false\:false\:true\:false\:false
ProjectManager.HalAssertFull=false
PC14-OSC32_IN.GPIOParameters=GPIO_Label
ProjectManager.ProjectName=tfk75_STM32CubeMX
RCC.TIM1Freq_Value=48000000
RCC.PLLMCOFreq_Value=24000000
PC8.GPIOParameters=GPIO_Label
Mcu.Package=LQFP64
PB9.Signal=GPIO_Input
PA6.Signal=SPI1_MISO
RCC.ADC34outputFreq_Value=48000000
ProjectManager.ToolChainLocation=
RCC.LSI_VALUE=40000
VP_SYS_VS_Systick.Signal=SYS_VS_Systick
PA10.Signal=I2C2_SDA
PB14.GPIOParameters=GPIO_Label
RCC.APB1TimFreq_Value=48000000
NVIC.BusFault_IRQn=true\:0\:0\:false\:false\:true\:false\:false
PC4.Locked=true
PC14-OSC32_IN.GPIO_Label=COL_14
PC5.Signal=GPIO_Output
PB10.GPIOParameters=GPIO_Label
PF1-OSC_OUT.Mode=HSE-External-Oscillator
SPI1.BaudRatePrescaler=SPI_BAUDRATEPRESCALER_4
PC2.GPIO_Label=COL_2
ProjectManager.CustomerFirmwarePackage=
PC4.GPIOParameters=GPIO_Label
PC14-OSC32_IN.Locked=true
PF1-OSC_OUT.Signal=RCC_OSC_OUT
PB15.Locked=true
PA5.Mode=Full_Duplex_Master
ProjectManager.ProjectFileName=tfk75_STM32CubeMX.ioc
RCC.ADC12outputFreq_Value=48000000
PA7.Mode=Full_Duplex_Master
PB9.GPIO_Label=ROW_0
PA10.Mode=I2C
PC10.GPIO_Label=COL_10
Mcu.PinsNb=37
PC9.GPIO_Label=COL_9
ProjectManager.NoMain=false
PC11.Locked=true
SPI1.IPParameters=VirtualType,Mode,Direction,BaudRatePrescaler,CalculateBaudRate
PC13.Locked=true
PC11.Signal=GPIO_Output
PC13.Signal=GPIO_Output
PC8.Signal=GPIO_Output
PC2.Signal=GPIO_Output
PC4.Signal=GPIO_Output
PC6.Signal=GPIO_Output
PB11.GPIO_Label=ROW_2
ProjectManager.DefaultFWLocation=true
PB12.Locked=true
ProjectManager.DeletePrevious=true
RCC.HSIPLLFreq_Value=4000000
PC0.Signal=GPIO_Output
PB14.Locked=true
RCC.APB1CLKDivider=RCC_HCLK_DIV2
PB10.Locked=true
PC14-OSC32_IN.Signal=GPIO_Output
PC11.GPIOParameters=GPIO_Label
RCC.FamilyName=M
PB9.GPIOParameters=GPIO_Label
PC3.GPIOParameters=GPIO_Label
PC8.GPIO_Label=COL_8
PC12.GPIOParameters=GPIO_Label
PA13.Signal=SYS_JTMS-SWDIO
PA9.Mode=I2C
ProjectManager.TargetToolchain=EWARM V8.32
PB10.GPIO_Label=ROW_1
PC6.Locked=true
PC5.GPIOParameters=GPIO_Label
PA9.Signal=I2C2_SCL
PB11.GPIOParameters=GPIO_Label
PB9.Locked=true
PC2.Locked=true
ProjectManager.RegisterCallBack=
RCC.USBFreq_Value=48000000
RCC.LSE_VALUE=32768
PF0-OSC_IN.Mode=HSE-External-Oscillator
PB10.Signal=GPIO_Input
PB14.Signal=GPIO_Input
PA5.Signal=SPI1_SCK
board=custom
ProjectManager.LastFirmware=true
RCC.VCOOutput2Freq_Value=8000000
RCC.APB2Freq_Value=48000000
RCC.TIM8Freq_Value=48000000
RCC.UART4Freq_Value=24000000
MxCube.Version=6.1.1
PB15.GPIO_Label=ROW_6
Mcu.Pin35=PB9
RCC.I2C1Freq_Value=8000000
Mcu.Pin36=VP_SYS_VS_Systick
SPI1.Mode=SPI_MODE_MASTER
PC13.GPIOParameters=GPIO_Label
PC2.GPIOParameters=GPIO_Label
Mcu.Pin30=PC11
PC1.GPIO_Label=COL_1
VP_SYS_VS_Systick.Mode=SysTick
Mcu.Pin33=PB6
Mcu.Pin34=PB7
Mcu.Pin31=PC12
Mcu.Pin32=PB3
NVIC.NonMaskableInt_IRQn=true\:0\:0\:false\:false\:true\:false\:false
PC10.GPIOParameters=GPIO_Label
RCC.UART5Freq_Value=24000000
PB15.GPIOParameters=GPIO_Label
PA13.Mode=Trace_Asynchronous_SW
ProjectManager.FreePins=false
RCC.IPParameters=ADC12outputFreq_Value,ADC34outputFreq_Value,AHBFreq_Value,APB1CLKDivider,APB1Freq_Value,APB1TimFreq_Value,APB2Freq_Value,APB2TimFreq_Value,CortexFreq_Value,FCLKCortexFreq_Value,FamilyName,HCLKFreq_Value,HSEPLLFreq_Value,HSE_VALUE,HSIPLLFreq_Value,HSI_VALUE,I2C1Freq_Value,I2C2Freq_Value,I2SClocksFreq_Value,LSE_VALUE,LSI_VALUE,MCOFreq_Value,PLLCLKFreq_Value,PLLMCOFreq_Value,PLLMUL,RTCFreq_Value,RTCHSEDivFreq_Value,SYSCLKFreq_VALUE,SYSCLKSourceVirtual,TIM1Freq_Value,TIM2Freq_Value,TIM8Freq_Value,UART4Freq_Value,UART5Freq_Value,USART1Freq_Value,USART2Freq_Value,USART3Freq_Value,USBFreq_Value,VCOOutput2Freq_Value
PC9.GPIOParameters=GPIO_Label
ProjectManager.AskForMigrate=true
Mcu.Name=STM32F303R(B-C)Tx
Mcu.Pin26=PA12
Mcu.Pin27=PA13
RCC.RTCHSEDivFreq_Value=250000
Mcu.Pin24=PA10
ProjectManager.UnderRoot=false
Mcu.Pin25=PA11
PC7.GPIO_Label=COL_7
Mcu.Pin28=PA14
Mcu.IP6=USB
Mcu.Pin29=PC10
ProjectManager.CoupleFile=false
PB3.Signal=SYS_JTDO-TRACESWO
RCC.SYSCLKFreq_VALUE=48000000
Mcu.Pin22=PC9
Mcu.Pin23=PA9
Mcu.Pin20=PC7
Mcu.Pin21=PC8
PA12.Mode=Device
NVIC.ForceEnableDMAVector=true
KeepUserPlacement=false
PC5.GPIO_Label=COL_5
NVIC.MemoryManagement_IRQn=true\:0\:0\:false\:false\:true\:false\:false
PC12.GPIO_Label=COL_12
ProjectManager.CompilerOptimize=6
PB7.Mode=I2C
PA11.Signal=USB_DM
PA14.Signal=SYS_JTCK-SWCLK
ProjectManager.HeapSize=0x200
Mcu.Pin15=PB12
NVIC.HardFault_IRQn=true\:0\:0\:false\:false\:true\:false\:false
Mcu.Pin16=PB13
Mcu.Pin13=PB10
Mcu.Pin14=PB11
PC6.GPIOParameters=GPIO_Label
Mcu.Pin19=PC6
ProjectManager.ComputerToolchain=false
Mcu.Pin17=PB14
RCC.HSI_VALUE=8000000
Mcu.Pin18=PB15
NVIC.PriorityGroup=NVIC_PRIORITYGROUP_4
Mcu.Pin11=PC4
Mcu.Pin12=PC5
Mcu.Pin10=PA7
PB7.Locked=true
PC3.GPIO_Label=COL_3
PC8.Locked=true
PC9.Signal=GPIO_Output
PF0-OSC_IN.Signal=RCC_OSC_IN
RCC.I2C2Freq_Value=8000000
RCC.APB1Freq_Value=24000000
PC0.Locked=true
PB11.Locked=true
ProjectManager.DeviceId=STM32F303RCTx
PC1.Signal=GPIO_Output
PB12.GPIOParameters=GPIO_Label
PB12.Signal=GPIO_Input
ProjectManager.LibraryCopy=0
PA7.Signal=SPI1_MOSI
